<?xml version="1.0" encoding="utf-8"?>
<Project ToolsVersion="4.0" xmlns="http://schemas.microsoft.com/developer/msbuild/2003">
  <ItemGroup>
    <ClInclude Include="src\framework.h">
      <Filter>Windows</Filter>
    </ClInclude>
    <ClInclude Include="src\MicroKeys.h">
      <Filter>Windows</Filter>
    </ClInclude>
    <ClInclude Include="src\Resource.h">
      <Filter>Windows</Filter>
    </ClInclude>
    <ClInclude Include="src\targetver.h">
      <Filter>Windows</Filter>
    </ClInclude>
    <ClInclude Include="src\version.h">
      <Filter>Windows</Filter>
    </ClInclude>
    <ClInclude Include="src\py_module_impl.h">
      <Filter>Python</Filter>
    </ClInclude>
  </ItemGroup>
  <ItemGroup>
    <ClCompile Include="src\MicroKeys.cpp">
      <Filter>Windows</Filter>
    </ClCompile>
    <ClCompile Include="src\py_module.c">
      <Filter>Python</Filter>
    </ClCompile>
    <ClCompile Include="src\py_module_impl.cpp">
      <Filter>Python</Filter>
    </ClCompile>
  </ItemGroup>
  <ItemGroup>
    <Filter Include="Windows">
      <UniqueIdentifier>{8f9e7006-c643-42dd-b55b-a543fc058db7}</UniqueIdentifier>
    </Filter>
    <Filter Include="Python">
      <UniqueIdentifier>{63908bd8-8e0f-49c5-b1d3-083dd9cb8275}</UniqueIdentifier>
    </Filter>
  </ItemGroup>
  <ItemGroup>
    <Image Include="src\MicroKeys.ico">
      <Filter>Windows</Filter>
    </Image>
  </ItemGroup>
  <ItemGroup>
    <None Include="macro\MicroKeys.py">
      <Filter>Windows</Filter>
    </None>
  </ItemGroup>
  <ItemGroup>
    <ResourceCompile Include="src\MicroKeys.rc">
      <Filter>Windows</Filter>
    </ResourceCompile>
  </ItemGroup>
</Project>